// !$*UTF8*$!
{
	archiveVersion = 1;
	classes = {
	};
	objectVersion = 50;
	objects = {

/* Begin PBXBuildFile section */
		308E548BCCBF46194852ECCF /* Pods_ios2019.framework in Frameworks */ = {isa = PBXBuildFile; fileRef = 2E1B7382DBD4D02CE7401364 /* Pods_ios2019.framework */; };
		376CB99622164E300090F0A6 /* ConvertidorDeGradosViewController.swift in Sources */ = {isa = PBXBuildFile; fileRef = 376CB99522164E300090F0A6 /* ConvertidorDeGradosViewController.swift */; };
		37E1EEE2220D125C002A2A71 /* AppDelegate.swift in Sources */ = {isa = PBXBuildFile; fileRef = 37E1EEE1220D125C002A2A71 /* AppDelegate.swift */; };
		37E1EEE4220D125C002A2A71 /* ViewController.swift in Sources */ = {isa = PBXBuildFile; fileRef = 37E1EEE3220D125C002A2A71 /* ViewController.swift */; };
		37E1EEE7220D125C002A2A71 /* Main.storyboard in Resources */ = {isa = PBXBuildFile; fileRef = 37E1EEE5220D125C002A2A71 /* Main.storyboard */; };
		37E1EEE9220D125D002A2A71 /* Assets.xcassets in Resources */ = {isa = PBXBuildFile; fileRef = 37E1EEE8220D125D002A2A71 /* Assets.xcassets */; };
		37E1EEEC220D125D002A2A71 /* LaunchScreen.storyboard in Resources */ = {isa = PBXBuildFile; fileRef = 37E1EEEA220D125D002A2A71 /* LaunchScreen.storyboard */; };
		37E1EEF7220D125D002A2A71 /* ios2019Tests.swift in Sources */ = {isa = PBXBuildFile; fileRef = 37E1EEF6220D125D002A2A71 /* ios2019Tests.swift */; };
		37E1EF02220D125D002A2A71 /* ios2019UITests.swift in Sources */ = {isa = PBXBuildFile; fileRef = 37E1EF01220D125D002A2A71 /* ios2019UITests.swift */; };
		37E1EF10220D1C33002A2A71 /* Practica1ViewController.swift in Sources */ = {isa = PBXBuildFile; fileRef = 37E1EF0F220D1C33002A2A71 /* Practica1ViewController.swift */; };
		55D4217476D3B4E68A8FB834 /* Pods_ios2019Tests.framework in Frameworks */ = {isa = PBXBuildFile; fileRef = ECC515D198A69E690B58FDAC /* Pods_ios2019Tests.framework */; };
		8433989E221F88C500E294B0 /* PrimerParcialViewController.swift in Sources */ = {isa = PBXBuildFile; fileRef = 8433989D221F88C500E294B0 /* PrimerParcialViewController.swift */; };
		8437317322447D2F009DE3F7 /* PrimeraPractica.storyboard in Resources */ = {isa = PBXBuildFile; fileRef = 8437317122447D2E009DE3F7 /* PrimeraPractica.storyboard */; };
		8437317622447DC2009DE3F7 /* SegundaPractica.storyboard in Resources */ = {isa = PBXBuildFile; fileRef = 8437317422447DC2009DE3F7 /* SegundaPractica.storyboard */; };
		8437317822447E23009DE3F7 /* PrimerParcial.storyboard in Resources */ = {isa = PBXBuildFile; fileRef = 8437317722447E23009DE3F7 /* PrimerParcial.storyboard */; };
		8437317B22447E67009DE3F7 /* MotionShake.storyboard in Resources */ = {isa = PBXBuildFile; fileRef = 8437317922447E67009DE3F7 /* MotionShake.storyboard */; };
		8437317D22447EB4009DE3F7 /* Sonar.storyboard in Resources */ = {isa = PBXBuildFile; fileRef = 8437317C22447EB4009DE3F7 /* Sonar.storyboard */; };
		8437318022447F0B009DE3F7 /* SpotifyLogin.storyboard in Resources */ = {isa = PBXBuildFile; fileRef = 8437317E22447F0B009DE3F7 /* SpotifyLogin.storyboard */; };
		8437318222447F6A009DE3F7 /* CountDownTimer.storyboard in Resources */ = {isa = PBXBuildFile; fileRef = 8437318122447F6A009DE3F7 /* CountDownTimer.storyboard */; };
		8437318522447FE7009DE3F7 /* SimpleView.storyboard in Resources */ = {isa = PBXBuildFile; fileRef = 8437318322447FE7009DE3F7 /* SimpleView.storyboard */; };
		8469A9CB2224CFA5005E13E9 /* MotionShakeViewController.swift in Sources */ = {isa = PBXBuildFile; fileRef = 8469A9CA2224CFA5005E13E9 /* MotionShakeViewController.swift */; };
		84AD5DA622431E6200F221BE /* endgame.wav in Resources */ = {isa = PBXBuildFile; fileRef = 84AD5DA522431E6100F221BE /* endgame.wav */; };
		84AD5DA8224326BA00F221BE /* SimpleViewViewController.swift in Sources */ = {isa = PBXBuildFile; fileRef = 84AD5DA7224326BA00F221BE /* SimpleViewViewController.swift */; };
		84B812372239E4C400F41734 /* CountDownTimerViewController.swift in Sources */ = {isa = PBXBuildFile; fileRef = 84B812362239E4C400F41734 /* CountDownTimerViewController.swift */; };
		84B8123D2239E6DC00F41734 /* Technology-Bold.ttf in Resources */ = {isa = PBXBuildFile; fileRef = 84B812392239E6DC00F41734 /* Technology-Bold.ttf */; };
		84B8123E2239E6DC00F41734 /* Technology-Italic.ttf in Resources */ = {isa = PBXBuildFile; fileRef = 84B8123A2239E6DC00F41734 /* Technology-Italic.ttf */; };
		84B8123F2239E6DC00F41734 /* Technology-BoldItalic.ttf in Resources */ = {isa = PBXBuildFile; fileRef = 84B8123B2239E6DC00F41734 /* Technology-BoldItalic.ttf */; };
		84B812402239E6DC00F41734 /* Technology.ttf in Resources */ = {isa = PBXBuildFile; fileRef = 84B8123C2239E6DC00F41734 /* Technology.ttf */; };
		84CE85DB2231F97E00D06F7D /* SpotifyLoginViewController.swift in Sources */ = {isa = PBXBuildFile; fileRef = 84CE85DA2231F97E00D06F7D /* SpotifyLoginViewController.swift */; };
		84CE85DE2231FA3300D06F7D /* moments.mp4 in Resources */ = {isa = PBXBuildFile; fileRef = 84CE85DD2231FA3300D06F7D /* moments.mp4 */; };
		84CE85E22232003400D06F7D /* VideoCutter.swift in Sources */ = {isa = PBXBuildFile; fileRef = 84CE85E02232003400D06F7D /* VideoCutter.swift */; };
		84CE85E32232003400D06F7D /* VideoSplashViewController.swift in Sources */ = {isa = PBXBuildFile; fileRef = 84CE85E12232003400D06F7D /* VideoSplashViewController.swift */; };
		84CE85E52232048A00D06F7D /* loginFormViewController.swift in Sources */ = {isa = PBXBuildFile; fileRef = 84CE85E42232048A00D06F7D /* loginFormViewController.swift */; };
		84CE85E7223204DD00D06F7D /* RegisterFormViewController.swift in Sources */ = {isa = PBXBuildFile; fileRef = 84CE85E6223204DD00D06F7D /* RegisterFormViewController.swift */; };
		84F729162230AF0C0099F562 /* SonarViewController.swift in Sources */ = {isa = PBXBuildFile; fileRef = 84F729152230AF0C0099F562 /* SonarViewController.swift */; };
		84F729192230B3DE0099F562 /* cat.wav in Resources */ = {isa = PBXBuildFile; fileRef = 84F729182230B3DE0099F562 /* cat.wav */; };
		F99F2E5521E1FDE9871DF832 /* Pods_ios2019UITests.framework in Frameworks */ = {isa = PBXBuildFile; fileRef = F8FCB0C38FD207AE08116712 /* Pods_ios2019UITests.framework */; };
/* End PBXBuildFile section */

/* Begin PBXContainerItemProxy section */
		37E1EEF3220D125D002A2A71 /* PBXContainerItemProxy */ = {
			isa = PBXContainerItemProxy;
			containerPortal = 37E1EED6220D125C002A2A71 /* Project object */;
			proxyType = 1;
			remoteGlobalIDString = 37E1EEDD220D125C002A2A71;
			remoteInfo = ios2019;
		};
		37E1EEFE220D125D002A2A71 /* PBXContainerItemProxy */ = {
			isa = PBXContainerItemProxy;
			containerPortal = 37E1EED6220D125C002A2A71 /* Project object */;
			proxyType = 1;
			remoteGlobalIDString = 37E1EEDD220D125C002A2A71;
			remoteInfo = ios2019;
		};
/* End PBXContainerItemProxy section */

/* Begin PBXFileReference section */
		2E1B7382DBD4D02CE7401364 /* Pods_ios2019.framework */ = {isa = PBXFileReference; explicitFileType = wrapper.framework; includeInIndex = 0; path = Pods_ios2019.framework; sourceTree = BUILT_PRODUCTS_DIR; };
		376CB99522164E300090F0A6 /* ConvertidorDeGradosViewController.swift */ = {isa = PBXFileReference; lastKnownFileType = sourcecode.swift; path = ConvertidorDeGradosViewController.swift; sourceTree = "<group>"; };
		37812CA92214FBBD00AA901E /* MyPlayground.playground */ = {isa = PBXFileReference; lastKnownFileType = file.playground; path = MyPlayground.playground; sourceTree = "<group>"; xcLanguageSpecificationIdentifier = xcode.lang.swift; };
		37E1EEDE220D125C002A2A71 /* ios2019.app */ = {isa = PBXFileReference; explicitFileType = wrapper.application; includeInIndex = 0; path = ios2019.app; sourceTree = BUILT_PRODUCTS_DIR; };
		37E1EEE1220D125C002A2A71 /* AppDelegate.swift */ = {isa = PBXFileReference; lastKnownFileType = sourcecode.swift; path = AppDelegate.swift; sourceTree = "<group>"; };
		37E1EEE3220D125C002A2A71 /* ViewController.swift */ = {isa = PBXFileReference; lastKnownFileType = sourcecode.swift; path = ViewController.swift; sourceTree = "<group>"; };
		37E1EEE6220D125C002A2A71 /* Base */ = {isa = PBXFileReference; lastKnownFileType = file.storyboard; name = Base; path = Base.lproj/Main.storyboard; sourceTree = "<group>"; };
		37E1EEE8220D125D002A2A71 /* Assets.xcassets */ = {isa = PBXFileReference; lastKnownFileType = folder.assetcatalog; path = Assets.xcassets; sourceTree = "<group>"; };
		37E1EEEB220D125D002A2A71 /* Base */ = {isa = PBXFileReference; lastKnownFileType = file.storyboard; name = Base; path = Base.lproj/LaunchScreen.storyboard; sourceTree = "<group>"; };
		37E1EEED220D125D002A2A71 /* Info.plist */ = {isa = PBXFileReference; lastKnownFileType = text.plist.xml; path = Info.plist; sourceTree = "<group>"; };
		37E1EEF2220D125D002A2A71 /* ios2019Tests.xctest */ = {isa = PBXFileReference; explicitFileType = wrapper.cfbundle; includeInIndex = 0; path = ios2019Tests.xctest; sourceTree = BUILT_PRODUCTS_DIR; };
		37E1EEF6220D125D002A2A71 /* ios2019Tests.swift */ = {isa = PBXFileReference; lastKnownFileType = sourcecode.swift; path = ios2019Tests.swift; sourceTree = "<group>"; };
		37E1EEF8220D125D002A2A71 /* Info.plist */ = {isa = PBXFileReference; lastKnownFileType = text.plist.xml; path = Info.plist; sourceTree = "<group>"; };
		37E1EEFD220D125D002A2A71 /* ios2019UITests.xctest */ = {isa = PBXFileReference; explicitFileType = wrapper.cfbundle; includeInIndex = 0; path = ios2019UITests.xctest; sourceTree = BUILT_PRODUCTS_DIR; };
		37E1EF01220D125D002A2A71 /* ios2019UITests.swift */ = {isa = PBXFileReference; lastKnownFileType = sourcecode.swift; path = ios2019UITests.swift; sourceTree = "<group>"; };
		37E1EF03220D125D002A2A71 /* Info.plist */ = {isa = PBXFileReference; lastKnownFileType = text.plist.xml; path = Info.plist; sourceTree = "<group>"; };
		37E1EF0F220D1C33002A2A71 /* Practica1ViewController.swift */ = {isa = PBXFileReference; lastKnownFileType = sourcecode.swift; path = Practica1ViewController.swift; sourceTree = "<group>"; };
		6F89A21798BA4FDFBB47AC4E /* Pods-ios2019UITests.release.xcconfig */ = {isa = PBXFileReference; includeInIndex = 1; lastKnownFileType = text.xcconfig; name = "Pods-ios2019UITests.release.xcconfig"; path = "Target Support Files/Pods-ios2019UITests/Pods-ios2019UITests.release.xcconfig"; sourceTree = "<group>"; };
		8433989C221F850B00E294B0 /* PrimerPracrial.playground */ = {isa = PBXFileReference; lastKnownFileType = file.playground; path = PrimerPracrial.playground; sourceTree = "<group>"; xcLanguageSpecificationIdentifier = xcode.lang.swift; };
		8433989D221F88C500E294B0 /* PrimerParcialViewController.swift */ = {isa = PBXFileReference; lastKnownFileType = sourcecode.swift; path = PrimerParcialViewController.swift; sourceTree = "<group>"; };
		8437317222447D2E009DE3F7 /* Base */ = {isa = PBXFileReference; lastKnownFileType = file.storyboard; name = Base; path = Base.lproj/PrimeraPractica.storyboard; sourceTree = "<group>"; };
		8437317522447DC2009DE3F7 /* Base */ = {isa = PBXFileReference; lastKnownFileType = file.storyboard; name = Base; path = Base.lproj/SegundaPractica.storyboard; sourceTree = "<group>"; };
		8437317722447E23009DE3F7 /* PrimerParcial.storyboard */ = {isa = PBXFileReference; fileEncoding = 4; lastKnownFileType = file.storyboard; path = PrimerParcial.storyboard; sourceTree = SOURCE_ROOT; };
		8437317A22447E67009DE3F7 /* Base */ = {isa = PBXFileReference; lastKnownFileType = file.storyboard; name = Base; path = Base.lproj/MotionShake.storyboard; sourceTree = "<group>"; };
		8437317C22447EB4009DE3F7 /* Sonar.storyboard */ = {isa = PBXFileReference; fileEncoding = 4; lastKnownFileType = file.storyboard; path = Sonar.storyboard; sourceTree = SOURCE_ROOT; };
		8437317F22447F0B009DE3F7 /* Base */ = {isa = PBXFileReference; lastKnownFileType = file.storyboard; name = Base; path = Base.lproj/SpotifyLogin.storyboard; sourceTree = "<group>"; };
		8437318122447F6A009DE3F7 /* CountDownTimer.storyboard */ = {isa = PBXFileReference; fileEncoding = 4; lastKnownFileType = file.storyboard; path = CountDownTimer.storyboard; sourceTree = SOURCE_ROOT; };
		8437318422447FE7009DE3F7 /* Base */ = {isa = PBXFileReference; lastKnownFileType = file.storyboard; name = Base; path = Base.lproj/SimpleView.storyboard; sourceTree = "<group>"; };
		8469A9CA2224CFA5005E13E9 /* MotionShakeViewController.swift */ = {isa = PBXFileReference; lastKnownFileType = sourcecode.swift; path = MotionShakeViewController.swift; sourceTree = "<group>"; };
		84AD5DA522431E6100F221BE /* endgame.wav */ = {isa = PBXFileReference; lastKnownFileType = audio.wav; path = endgame.wav; sourceTree = "<group>"; };
		84AD5DA7224326BA00F221BE /* SimpleViewViewController.swift */ = {isa = PBXFileReference; lastKnownFileType = sourcecode.swift; path = SimpleViewViewController.swift; sourceTree = "<group>"; };
		84B812362239E4C400F41734 /* CountDownTimerViewController.swift */ = {isa = PBXFileReference; lastKnownFileType = sourcecode.swift; path = CountDownTimerViewController.swift; sourceTree = "<group>"; };
		84B812392239E6DC00F41734 /* Technology-Bold.ttf */ = {isa = PBXFileReference; lastKnownFileType = file; path = "Technology-Bold.ttf"; sourceTree = "<group>"; };
		84B8123A2239E6DC00F41734 /* Technology-Italic.ttf */ = {isa = PBXFileReference; lastKnownFileType = file; path = "Technology-Italic.ttf"; sourceTree = "<group>"; };
		84B8123B2239E6DC00F41734 /* Technology-BoldItalic.ttf */ = {isa = PBXFileReference; lastKnownFileType = file; path = "Technology-BoldItalic.ttf"; sourceTree = "<group>"; };
		84B8123C2239E6DC00F41734 /* Technology.ttf */ = {isa = PBXFileReference; lastKnownFileType = file; path = Technology.ttf; sourceTree = "<group>"; };
		84CE85DA2231F97E00D06F7D /* SpotifyLoginViewController.swift */ = {isa = PBXFileReference; lastKnownFileType = sourcecode.swift; path = SpotifyLoginViewController.swift; sourceTree = "<group>"; };
		84CE85DD2231FA3300D06F7D /* moments.mp4 */ = {isa = PBXFileReference; lastKnownFileType = file; path = moments.mp4; sourceTree = "<group>"; };
		84CE85E02232003400D06F7D /* VideoCutter.swift */ = {isa = PBXFileReference; fileEncoding = 4; lastKnownFileType = sourcecode.swift; path = VideoCutter.swift; sourceTree = "<group>"; };
		84CE85E12232003400D06F7D /* VideoSplashViewController.swift */ = {isa = PBXFileReference; fileEncoding = 4; lastKnownFileType = sourcecode.swift; path = VideoSplashViewController.swift; sourceTree = "<group>"; };
		84CE85E42232048A00D06F7D /* loginFormViewController.swift */ = {isa = PBXFileReference; lastKnownFileType = sourcecode.swift; path = loginFormViewController.swift; sourceTree = "<group>"; };
		84CE85E6223204DD00D06F7D /* RegisterFormViewController.swift */ = {isa = PBXFileReference; lastKnownFileType = sourcecode.swift; path = RegisterFormViewController.swift; sourceTree = "<group>"; };
		84F729152230AF0C0099F562 /* SonarViewController.swift */ = {isa = PBXFileReference; lastKnownFileType = sourcecode.swift; path = SonarViewController.swift; sourceTree = "<group>"; };
		84F729182230B3DE0099F562 /* cat.wav */ = {isa = PBXFileReference; lastKnownFileType = audio.wav; path = cat.wav; sourceTree = "<group>"; };
		8F55D356754A2684A328C8AA /* Pods-ios2019.release.xcconfig */ = {isa = PBXFileReference; includeInIndex = 1; lastKnownFileType = text.xcconfig; name = "Pods-ios2019.release.xcconfig"; path = "Target Support Files/Pods-ios2019/Pods-ios2019.release.xcconfig"; sourceTree = "<group>"; };
		A3C63AAB71CE568EE993DEE0 /* Pods-ios2019UITests.debug.xcconfig */ = {isa = PBXFileReference; includeInIndex = 1; lastKnownFileType = text.xcconfig; name = "Pods-ios2019UITests.debug.xcconfig"; path = "Target Support Files/Pods-ios2019UITests/Pods-ios2019UITests.debug.xcconfig"; sourceTree = "<group>"; };
		AA33660370095EA1E0C2EB67 /* Pods-ios2019Tests.debug.xcconfig */ = {isa = PBXFileReference; includeInIndex = 1; lastKnownFileType = text.xcconfig; name = "Pods-ios2019Tests.debug.xcconfig"; path = "Target Support Files/Pods-ios2019Tests/Pods-ios2019Tests.debug.xcconfig"; sourceTree = "<group>"; };
		B307E0DB095F0184B96AB0B8 /* Pods-ios2019.debug.xcconfig */ = {isa = PBXFileReference; includeInIndex = 1; lastKnownFileType = text.xcconfig; name = "Pods-ios2019.debug.xcconfig"; path = "Target Support Files/Pods-ios2019/Pods-ios2019.debug.xcconfig"; sourceTree = "<group>"; };
		C3E0A7D0DBDC686F278C0FFD /* Pods-ios2019Tests.release.xcconfig */ = {isa = PBXFileReference; includeInIndex = 1; lastKnownFileType = text.xcconfig; name = "Pods-ios2019Tests.release.xcconfig"; path = "Target Support Files/Pods-ios2019Tests/Pods-ios2019Tests.release.xcconfig"; sourceTree = "<group>"; };
		ECC515D198A69E690B58FDAC /* Pods_ios2019Tests.framework */ = {isa = PBXFileReference; explicitFileType = wrapper.framework; includeInIndex = 0; path = Pods_ios2019Tests.framework; sourceTree = BUILT_PRODUCTS_DIR; };
		F8FCB0C38FD207AE08116712 /* Pods_ios2019UITests.framework */ = {isa = PBXFileReference; explicitFileType = wrapper.framework; includeInIndex = 0; path = Pods_ios2019UITests.framework; sourceTree = BUILT_PRODUCTS_DIR; };
/* End PBXFileReference section */

/* Begin PBXFrameworksBuildPhase section */
		37E1EEDB220D125C002A2A71 /* Frameworks */ = {
			isa = PBXFrameworksBuildPhase;
			buildActionMask = 2147483647;
			files = (
				308E548BCCBF46194852ECCF /* Pods_ios2019.framework in Frameworks */,
			);
			runOnlyForDeploymentPostprocessing = 0;
		};
		37E1EEEF220D125D002A2A71 /* Frameworks */ = {
			isa = PBXFrameworksBuildPhase;
			buildActionMask = 2147483647;
			files = (
				55D4217476D3B4E68A8FB834 /* Pods_ios2019Tests.framework in Frameworks */,
			);
			runOnlyForDeploymentPostprocessing = 0;
		};
		37E1EEFA220D125D002A2A71 /* Frameworks */ = {
			isa = PBXFrameworksBuildPhase;
			buildActionMask = 2147483647;
			files = (
				F99F2E5521E1FDE9871DF832 /* Pods_ios2019UITests.framework in Frameworks */,
			);
			runOnlyForDeploymentPostprocessing = 0;
		};
/* End PBXFrameworksBuildPhase section */

/* Begin PBXGroup section */
		37E1EED5220D125C002A2A71 = {
			isa = PBXGroup;
			children = (
				8433989C221F850B00E294B0 /* PrimerPracrial.playground */,
				37812CA92214FBBD00AA901E /* MyPlayground.playground */,
				37E1EEE0220D125C002A2A71 /* ios2019 */,
				37E1EEF5220D125D002A2A71 /* ios2019Tests */,
				37E1EF00220D125D002A2A71 /* ios2019UITests */,
				37E1EEDF220D125C002A2A71 /* Products */,
				A390A5B8529711DA6B478A13 /* Pods */,
				4DA7CDF2A44115ADF3572530 /* Frameworks */,
			);
			sourceTree = "<group>";
		};
		37E1EEDF220D125C002A2A71 /* Products */ = {
			isa = PBXGroup;
			children = (
				37E1EEDE220D125C002A2A71 /* ios2019.app */,
				37E1EEF2220D125D002A2A71 /* ios2019Tests.xctest */,
				37E1EEFD220D125D002A2A71 /* ios2019UITests.xctest */,
			);
			name = Products;
			sourceTree = "<group>";
		};
		37E1EEE0220D125C002A2A71 /* ios2019 */ = {
			isa = PBXGroup;
			children = (
				8437318322447FE7009DE3F7 /* SimpleView.storyboard */,
				8437318122447F6A009DE3F7 /* CountDownTimer.storyboard */,
				8437317E22447F0B009DE3F7 /* SpotifyLogin.storyboard */,
				8437317C22447EB4009DE3F7 /* Sonar.storyboard */,
				8437317922447E67009DE3F7 /* MotionShake.storyboard */,
				8437317722447E23009DE3F7 /* PrimerParcial.storyboard */,
				8437317422447DC2009DE3F7 /* SegundaPractica.storyboard */,
				8437317122447D2E009DE3F7 /* PrimeraPractica.storyboard */,
				84B812382239E69800F41734 /* fonts */,
				84CE85DF2231FFB600D06F7D /* library */,
				84CE85DC2231F9FA00D06F7D /* files */,
				84F729172230B31B0099F562 /* sounds */,
				37E1EEE1220D125C002A2A71 /* AppDelegate.swift */,
				37E1EEE3220D125C002A2A71 /* ViewController.swift */,
				37E1EEE5220D125C002A2A71 /* Main.storyboard */,
				37E1EEE8220D125D002A2A71 /* Assets.xcassets */,
				37E1EEEA220D125D002A2A71 /* LaunchScreen.storyboard */,
				37E1EEED220D125D002A2A71 /* Info.plist */,
				37E1EF0F220D1C33002A2A71 /* Practica1ViewController.swift */,
				376CB99522164E300090F0A6 /* ConvertidorDeGradosViewController.swift */,
				8433989D221F88C500E294B0 /* PrimerParcialViewController.swift */,
				84AD5DA7224326BA00F221BE /* SimpleViewViewController.swift */,
				84B812362239E4C400F41734 /* CountDownTimerViewController.swift */,
				84CE85E6223204DD00D06F7D /* RegisterFormViewController.swift */,
				84CE85E42232048A00D06F7D /* loginFormViewController.swift */,
				84CE85DA2231F97E00D06F7D /* SpotifyLoginViewController.swift */,
				84F729152230AF0C0099F562 /* SonarViewController.swift */,
				8469A9CA2224CFA5005E13E9 /* MotionShakeViewController.swift */,
			);
			path = ios2019;
			sourceTree = "<group>";
		};
		37E1EEF5220D125D002A2A71 /* ios2019Tests */ = {
			isa = PBXGroup;
			children = (
				37E1EEF6220D125D002A2A71 /* ios2019Tests.swift */,
				37E1EEF8220D125D002A2A71 /* Info.plist */,
			);
			path = ios2019Tests;
			sourceTree = "<group>";
		};
		37E1EF00220D125D002A2A71 /* ios2019UITests */ = {
			isa = PBXGroup;
			children = (
				37E1EF01220D125D002A2A71 /* ios2019UITests.swift */,
				37E1EF03220D125D002A2A71 /* Info.plist */,
			);
			path = ios2019UITests;
			sourceTree = "<group>";
		};
		4DA7CDF2A44115ADF3572530 /* Frameworks */ = {
			isa = PBXGroup;
			children = (
				2E1B7382DBD4D02CE7401364 /* Pods_ios2019.framework */,
				ECC515D198A69E690B58FDAC /* Pods_ios2019Tests.framework */,
				F8FCB0C38FD207AE08116712 /* Pods_ios2019UITests.framework */,
			);
			name = Frameworks;
			sourceTree = "<group>";
		};
		84B812382239E69800F41734 /* fonts */ = {
			isa = PBXGroup;
			children = (
				84B812392239E6DC00F41734 /* Technology-Bold.ttf */,
				84B8123B2239E6DC00F41734 /* Technology-BoldItalic.ttf */,
				84B8123A2239E6DC00F41734 /* Technology-Italic.ttf */,
				84B8123C2239E6DC00F41734 /* Technology.ttf */,
			);
			path = fonts;
			sourceTree = "<group>";
		};
		84CE85DC2231F9FA00D06F7D /* files */ = {
			isa = PBXGroup;
			children = (
				84CE85DD2231FA3300D06F7D /* moments.mp4 */,
			);
			path = files;
			sourceTree = "<group>";
		};
		84CE85DF2231FFB600D06F7D /* library */ = {
			isa = PBXGroup;
			children = (
				84CE85E02232003400D06F7D /* VideoCutter.swift */,
				84CE85E12232003400D06F7D /* VideoSplashViewController.swift */,
			);
			path = library;
			sourceTree = "<group>";
		};
		84F729172230B31B0099F562 /* sounds */ = {
			isa = PBXGroup;
			children = (
				84AD5DA522431E6100F221BE /* endgame.wav */,
				84F729182230B3DE0099F562 /* cat.wav */,
			);
			path = sounds;
			sourceTree = "<group>";
		};
		A390A5B8529711DA6B478A13 /* Pods */ = {
			isa = PBXGroup;
			children = (
				B307E0DB095F0184B96AB0B8 /* Pods-ios2019.debug.xcconfig */,
				8F55D356754A2684A328C8AA /* Pods-ios2019.release.xcconfig */,
				AA33660370095EA1E0C2EB67 /* Pods-ios2019Tests.debug.xcconfig */,
				C3E0A7D0DBDC686F278C0FFD /* Pods-ios2019Tests.release.xcconfig */,
				A3C63AAB71CE568EE993DEE0 /* Pods-ios2019UITests.debug.xcconfig */,
				6F89A21798BA4FDFBB47AC4E /* Pods-ios2019UITests.release.xcconfig */,
			);
			path = Pods;
			sourceTree = "<group>";
		};
/* End PBXGroup section */

/* Begin PBXNativeTarget section */
		37E1EEDD220D125C002A2A71 /* ios2019 */ = {
			isa = PBXNativeTarget;
			buildConfigurationList = 37E1EF06220D125D002A2A71 /* Build configuration list for PBXNativeTarget "ios2019" */;
			buildPhases = (
				166FE70ED1DF8951193A465A /* [CP] Check Pods Manifest.lock */,
				37E1EEDA220D125C002A2A71 /* Sources */,
				37E1EEDB220D125C002A2A71 /* Frameworks */,
				37E1EEDC220D125C002A2A71 /* Resources */,
				C5BDBB91FC3C8F04BB612DCF /* [CP] Embed Pods Frameworks */,
			);
			buildRules = (
			);
			dependencies = (
			);
			name = ios2019;
			productName = ios2019;
			productReference = 37E1EEDE220D125C002A2A71 /* ios2019.app */;
			productType = "com.apple.product-type.application";
		};
		37E1EEF1220D125D002A2A71 /* ios2019Tests */ = {
			isa = PBXNativeTarget;
			buildConfigurationList = 37E1EF09220D125D002A2A71 /* Build configuration list for PBXNativeTarget "ios2019Tests" */;
			buildPhases = (
				186984578264A1FE6085F9C3 /* [CP] Check Pods Manifest.lock */,
				37E1EEEE220D125D002A2A71 /* Sources */,
				37E1EEEF220D125D002A2A71 /* Frameworks */,
				37E1EEF0220D125D002A2A71 /* Resources */,
			);
			buildRules = (
			);
			dependencies = (
				37E1EEF4220D125D002A2A71 /* PBXTargetDependency */,
			);
			name = ios2019Tests;
			productName = ios2019Tests;
			productReference = 37E1EEF2220D125D002A2A71 /* ios2019Tests.xctest */;
			productType = "com.apple.product-type.bundle.unit-test";
		};
		37E1EEFC220D125D002A2A71 /* ios2019UITests */ = {
			isa = PBXNativeTarget;
			buildConfigurationList = 37E1EF0C220D125D002A2A71 /* Build configuration list for PBXNativeTarget "ios2019UITests" */;
			buildPhases = (
				09DA32EF48943B819F4CE41C /* [CP] Check Pods Manifest.lock */,
				37E1EEF9220D125D002A2A71 /* Sources */,
				37E1EEFA220D125D002A2A71 /* Frameworks */,
				37E1EEFB220D125D002A2A71 /* Resources */,
			);
			buildRules = (
			);
			dependencies = (
				37E1EEFF220D125D002A2A71 /* PBXTargetDependency */,
			);
			name = ios2019UITests;
			productName = ios2019UITests;
			productReference = 37E1EEFD220D125D002A2A71 /* ios2019UITests.xctest */;
			productType = "com.apple.product-type.bundle.ui-testing";
		};
/* End PBXNativeTarget section */

/* Begin PBXProject section */
		37E1EED6220D125C002A2A71 /* Project object */ = {
			isa = PBXProject;
			attributes = {
				LastSwiftUpdateCheck = 1010;
				LastUpgradeCheck = 1010;
				ORGANIZATIONNAME = "Ivan Ibarra";
				TargetAttributes = {
					37E1EEDD220D125C002A2A71 = {
						CreatedOnToolsVersion = 10.1;
					};
					37E1EEF1220D125D002A2A71 = {
						CreatedOnToolsVersion = 10.1;
						TestTargetID = 37E1EEDD220D125C002A2A71;
					};
					37E1EEFC220D125D002A2A71 = {
						CreatedOnToolsVersion = 10.1;
						TestTargetID = 37E1EEDD220D125C002A2A71;
					};
				};
			};
			buildConfigurationList = 37E1EED9220D125C002A2A71 /* Build configuration list for PBXProject "ios2019" */;
			compatibilityVersion = "Xcode 9.3";
			developmentRegion = en;
			hasScannedForEncodings = 0;
			knownRegions = (
				en,
				Base,
			);
			mainGroup = 37E1EED5220D125C002A2A71;
			productRefGroup = 37E1EEDF220D125C002A2A71 /* Products */;
			projectDirPath = "";
			projectRoot = "";
			targets = (
				37E1EEDD220D125C002A2A71 /* ios2019 */,
				37E1EEF1220D125D002A2A71 /* ios2019Tests */,
				37E1EEFC220D125D002A2A71 /* ios2019UITests */,
			);
		};
/* End PBXProject section */

/* Begin PBXResourcesBuildPhase section */
		37E1EEDC220D125C002A2A71 /* Resources */ = {
			isa = PBXResourcesBuildPhase;
			buildActionMask = 2147483647;
			files = (
				8437317322447D2F009DE3F7 /* PrimeraPractica.storyboard in Resources */,
				8437317D22447EB4009DE3F7 /* Sonar.storyboard in Resources */,
				84B8123E2239E6DC00F41734 /* Technology-Italic.ttf in Resources */,
				37E1EEEC220D125D002A2A71 /* LaunchScreen.storyboard in Resources */,
				8437318222447F6A009DE3F7 /* CountDownTimer.storyboard in Resources */,
				37E1EEE9220D125D002A2A71 /* Assets.xcassets in Resources */,
				8437318022447F0B009DE3F7 /* SpotifyLogin.storyboard in Resources */,
				37E1EEE7220D125C002A2A71 /* Main.storyboard in Resources */,
				8437317822447E23009DE3F7 /* PrimerParcial.storyboard in Resources */,
				84AD5DA622431E6200F221BE /* endgame.wav in Resources */,
				84F729192230B3DE0099F562 /* cat.wav in Resources */,
				84B812402239E6DC00F41734 /* Technology.ttf in Resources */,
				8437317B22447E67009DE3F7 /* MotionShake.storyboard in Resources */,
				84B8123F2239E6DC00F41734 /* Technology-BoldItalic.ttf in Resources */,
				84CE85DE2231FA3300D06F7D /* moments.mp4 in Resources */,
				8437318522447FE7009DE3F7 /* SimpleView.storyboard in Resources */,
				84B8123D2239E6DC00F41734 /* Technology-Bold.ttf in Resources */,
				8437317622447DC2009DE3F7 /* SegundaPractica.storyboard in Resources */,
			);
			runOnlyForDeploymentPostprocessing = 0;
		};
		37E1EEF0220D125D002A2A71 /* Resources */ = {
			isa = PBXResourcesBuildPhase;
			buildActionMask = 2147483647;
			files = (
			);
			runOnlyForDeploymentPostprocessing = 0;
		};
		37E1EEFB220D125D002A2A71 /* Resources */ = {
			isa = PBXResourcesBuildPhase;
			buildActionMask = 2147483647;
			files = (
			);
			runOnlyForDeploymentPostprocessing = 0;
		};
/* End PBXResourcesBuildPhase section */

/* Begin PBXShellScriptBuildPhase section */
		09DA32EF48943B819F4CE41C /* [CP] Check Pods Manifest.lock */ = {
			isa = PBXShellScriptBuildPhase;
			buildActionMask = 2147483647;
			files = (
			);
			inputFileListPaths = (
			);
			inputPaths = (
				"${PODS_PODFILE_DIR_PATH}/Podfile.lock",
				"${PODS_ROOT}/Manifest.lock",
			);
			name = "[CP] Check Pods Manifest.lock";
			outputFileListPaths = (
			);
			outputPaths = (
				"$(DERIVED_FILE_DIR)/Pods-ios2019UITests-checkManifestLockResult.txt",
			);
			runOnlyForDeploymentPostprocessing = 0;
			shellPath = /bin/sh;
			shellScript = "diff \"${PODS_PODFILE_DIR_PATH}/Podfile.lock\" \"${PODS_ROOT}/Manifest.lock\" > /dev/null\nif [ $? != 0 ] ; then\n    # print error to STDERR\n    echo \"error: The sandbox is not in sync with the Podfile.lock. Run 'pod install' or update your CocoaPods installation.\" >&2\n    exit 1\nfi\n# This output is used by Xcode 'outputs' to avoid re-running this script phase.\necho \"SUCCESS\" > \"${SCRIPT_OUTPUT_FILE_0}\"\n";
			showEnvVarsInLog = 0;
		};
		166FE70ED1DF8951193A465A /* [CP] Check Pods Manifest.lock */ = {
			isa = PBXShellScriptBuildPhase;
			buildActionMask = 2147483647;
			files = (
			);
			inputFileListPaths = (
			);
			inputPaths = (
				"${PODS_PODFILE_DIR_PATH}/Podfile.lock",
				"${PODS_ROOT}/Manifest.lock",
			);
			name = "[CP] Check Pods Manifest.lock";
			outputFileListPaths = (
			);
			outputPaths = (
				"$(DERIVED_FILE_DIR)/Pods-ios2019-checkManifestLockResult.txt",
			);
			runOnlyForDeploymentPostprocessing = 0;
			shellPath = /bin/sh;
			shellScript = "diff \"${PODS_PODFILE_DIR_PATH}/Podfile.lock\" \"${PODS_ROOT}/Manifest.lock\" > /dev/null\nif [ $? != 0 ] ; then\n    # print error to STDERR\n    echo \"error: The sandbox is not in sync with the Podfile.lock. Run 'pod install' or update your CocoaPods installation.\" >&2\n    exit 1\nfi\n# This output is used by Xcode 'outputs' to avoid re-running this script phase.\necho \"SUCCESS\" > \"${SCRIPT_OUTPUT_FILE_0}\"\n";
			showEnvVarsInLog = 0;
		};
		186984578264A1FE6085F9C3 /* [CP] Check Pods Manifest.lock */ = {
			isa = PBXShellScriptBuildPhase;
			buildActionMask = 2147483647;
			files = (
			);
			inputFileListPaths = (
			);
			inputPaths = (
				"${PODS_PODFILE_DIR_PATH}/Podfile.lock",
				"${PODS_ROOT}/Manifest.lock",
			);
			name = "[CP] Check Pods Manifest.lock";
			outputFileListPaths = (
			);
			outputPaths = (
				"$(DERIVED_FILE_DIR)/Pods-ios2019Tests-checkManifestLockResult.txt",
			);
			runOnlyForDeploymentPostprocessing = 0;
			shellPath = /bin/sh;
			shellScript = "diff \"${PODS_PODFILE_DIR_PATH}/Podfile.lock\" \"${PODS_ROOT}/Manifest.lock\" > /dev/null\nif [ $? != 0 ] ; then\n    # print error to STDERR\n    echo \"error: The sandbox is not in sync with the Podfile.lock. Run 'pod install' or update your CocoaPods installation.\" >&2\n    exit 1\nfi\n# This output is used by Xcode 'outputs' to avoid re-running this script phase.\necho \"SUCCESS\" > \"${SCRIPT_OUTPUT_FILE_0}\"\n";
			showEnvVarsInLog = 0;
		};
		C5BDBB91FC3C8F04BB612DCF /* [CP] Embed Pods Frameworks */ = {
			isa = PBXShellScriptBuildPhase;
			buildActionMask = 2147483647;
			files = (
			);
			inputFileListPaths = (
			);
			inputPaths = (
				"${PODS_ROOT}/Target Support Files/Pods-ios2019/Pods-ios2019-frameworks.sh",
				"${BUILT_PRODUCTS_DIR}/SwiftySound/SwiftySound.framework",
			);
			name = "[CP] Embed Pods Frameworks";
			outputFileListPaths = (
			);
			outputPaths = (
				"${TARGET_BUILD_DIR}/${FRAMEWORKS_FOLDER_PATH}/SwiftySound.framework",
			);
			runOnlyForDeploymentPostprocessing = 0;
			shellPath = /bin/sh;
			shellScript = "\"${PODS_ROOT}/Target Support Files/Pods-ios2019/Pods-ios2019-frameworks.sh\"\n";
			showEnvVarsInLog = 0;
		};
/* End PBXShellScriptBuildPhase section */

/* Begin PBXSourcesBuildPhase section */
		37E1EEDA220D125C002A2A71 /* Sources */ = {
			isa = PBXSourcesBuildPhase;
			buildActionMask = 2147483647;
			files = (
				8433989E221F88C500E294B0 /* PrimerParcialViewController.swift in Sources */,
				8469A9CB2224CFA5005E13E9 /* MotionShakeViewController.swift in Sources */,
				84CE85DB2231F97E00D06F7D /* SpotifyLoginViewController.swift in Sources */,
				84CE85E32232003400D06F7D /* VideoSplashViewController.swift in Sources */,
				84CE85E22232003400D06F7D /* VideoCutter.swift in Sources */,
				84F729162230AF0C0099F562 /* SonarViewController.swift in Sources */,
				37E1EEE4220D125C002A2A71 /* ViewController.swift in Sources */,
				84CE85E52232048A00D06F7D /* loginFormViewController.swift in Sources */,
				376CB99622164E300090F0A6 /* ConvertidorDeGradosViewController.swift in Sources */,
				84AD5DA8224326BA00F221BE /* SimpleViewViewController.swift in Sources */,
				37E1EF10220D1C33002A2A71 /* Practica1ViewController.swift in Sources */,
				84CE85E7223204DD00D06F7D /* RegisterFormViewController.swift in Sources */,
				84B812372239E4C400F41734 /* CountDownTimerViewController.swift in Sources */,
				37E1EEE2220D125C002A2A71 /* AppDelegate.swift in Sources */,
			);
			runOnlyForDeploymentPostprocessing = 0;
		};
		37E1EEEE220D125D002A2A71 /* Sources */ = {
			isa = PBXSourcesBuildPhase;
			buildActionMask = 2147483647;
			files = (
				37E1EEF7220D125D002A2A71 /* ios2019Tests.swift in Sources */,
			);
			runOnlyForDeploymentPostprocessing = 0;
		};
		37E1EEF9220D125D002A2A71 /* Sources */ = {
			isa = PBXSourcesBuildPhase;
			buildActionMask = 2147483647;
			files = (
				37E1EF02220D125D002A2A71 /* ios2019UITests.swift in Sources */,
			);
			runOnlyForDeploymentPostprocessing = 0;
		};
/* End PBXSourcesBuildPhase section */

/* Begin PBXTargetDependency section */
		37E1EEF4220D125D002A2A71 /* PBXTargetDependency */ = {
			isa = PBXTargetDependency;
			target = 37E1EEDD220D125C002A2A71 /* ios2019 */;
			targetProxy = 37E1EEF3220D125D002A2A71 /* PBXContainerItemProxy */;
		};
		37E1EEFF220D125D002A2A71 /* PBXTargetDependency */ = {
			isa = PBXTargetDependency;
			target = 37E1EEDD220D125C002A2A71 /* ios2019 */;
			targetProxy = 37E1EEFE220D125D002A2A71 /* PBXContainerItemProxy */;
		};
/* End PBXTargetDependency section */

/* Begin PBXVariantGroup section */
		37E1EEE5220D125C002A2A71 /* Main.storyboard */ = {
			isa = PBXVariantGroup;
			children = (
				37E1EEE6220D125C002A2A71 /* Base */,
			);
			name = Main.storyboard;
			sourceTree = "<group>";
		};
		37E1EEEA220D125D002A2A71 /* LaunchScreen.storyboard */ = {
			isa = PBXVariantGroup;
			children = (
				37E1EEEB220D125D002A2A71 /* Base */,
			);
			name = LaunchScreen.storyboard;
			sourceTree = "<group>";
		};
		8437317122447D2E009DE3F7 /* PrimeraPractica.storyboard */ = {
			isa = PBXVariantGroup;
			children = (
				8437317222447D2E009DE3F7 /* Base */,
			);
			name = PrimeraPractica.storyboard;
			sourceTree = "<group>";
		};
		8437317422447DC2009DE3F7 /* SegundaPractica.storyboard */ = {
			isa = PBXVariantGroup;
			children = (
				8437317522447DC2009DE3F7 /* Base */,
			);
			name = SegundaPractica.storyboard;
			sourceTree = "<group>";
		};
		8437317922447E67009DE3F7 /* MotionShake.storyboard */ = {
			isa = PBXVariantGroup;
			children = (
				8437317A22447E67009DE3F7 /* Base */,
			);
			name = MotionShake.storyboard;
			sourceTree = "<group>";
		};
		8437317E22447F0B009DE3F7 /* SpotifyLogin.storyboard */ = {
			isa = PBXVariantGroup;
			children = (
				8437317F22447F0B009DE3F7 /* Base */,
			);
			name = SpotifyLogin.storyboard;
			sourceTree = "<group>";
		};
		8437318322447FE7009DE3F7 /* SimpleView.storyboard */ = {
			isa = PBXVariantGroup;
			children = (
				8437318422447FE7009DE3F7 /* Base */,
			);
			name = SimpleView.storyboard;
			sourceTree = "<group>";
		};
/* End PBXVariantGroup section */

/* Begin XCBuildConfiguration section */
		37E1EF04220D125D002A2A71 /* Debug */ = {
			isa = XCBuildConfiguration;
			buildSettings = {
				ALWAYS_SEARCH_USER_PATHS = NO;
				CLANG_ANALYZER_NONNULL = YES;
				CLANG_ANALYZER_NUMBER_OBJECT_CONVERSION = YES_AGGRESSIVE;
				CLANG_CXX_LANGUAGE_STANDARD = "gnu++14";
				CLANG_CXX_LIBRARY = "libc++";
				CLANG_ENABLE_MODULES = YES;
				CLANG_ENABLE_OBJC_ARC = YES;
				CLANG_ENABLE_OBJC_WEAK = YES;
				CLANG_WARN_BLOCK_CAPTURE_AUTORELEASING = YES;
				CLANG_WARN_BOOL_CONVERSION = YES;
				CLANG_WARN_COMMA = YES;
				CLANG_WARN_CONSTANT_CONVERSION = YES;
				CLANG_WARN_DEPRECATED_OBJC_IMPLEMENTATIONS = YES;
				CLANG_WARN_DIRECT_OBJC_ISA_USAGE = YES_ERROR;
				CLANG_WARN_DOCUMENTATION_COMMENTS = YES;
				CLANG_WARN_EMPTY_BODY = YES;
				CLANG_WARN_ENUM_CONVERSION = YES;
				CLANG_WARN_INFINITE_RECURSION = YES;
				CLANG_WARN_INT_CONVERSION = YES;
				CLANG_WARN_NON_LITERAL_NULL_CONVERSION = YES;
				CLANG_WARN_OBJC_IMPLICIT_RETAIN_SELF = YES;
				CLANG_WARN_OBJC_LITERAL_CONVERSION = YES;
				CLANG_WARN_OBJC_ROOT_CLASS = YES_ERROR;
				CLANG_WARN_RANGE_LOOP_ANALYSIS = YES;
				CLANG_WARN_STRICT_PROTOTYPES = YES;
				CLANG_WARN_SUSPICIOUS_MOVE = YES;
				CLANG_WARN_UNGUARDED_AVAILABILITY = YES_AGGRESSIVE;
				CLANG_WARN_UNREACHABLE_CODE = YES;
				CLANG_WARN__DUPLICATE_METHOD_MATCH = YES;
				CODE_SIGN_IDENTITY = "iPhone Developer";
				COPY_PHASE_STRIP = NO;
				DEBUG_INFORMATION_FORMAT = dwarf;
				ENABLE_STRICT_OBJC_MSGSEND = YES;
				ENABLE_TESTABILITY = YES;
				GCC_C_LANGUAGE_STANDARD = gnu11;
				GCC_DYNAMIC_NO_PIC = NO;
				GCC_NO_COMMON_BLOCKS = YES;
				GCC_OPTIMIZATION_LEVEL = 0;
				GCC_PREPROCESSOR_DEFINITIONS = (
					"DEBUG=1",
					"$(inherited)",
				);
				GCC_WARN_64_TO_32_BIT_CONVERSION = YES;
				GCC_WARN_ABOUT_RETURN_TYPE = YES_ERROR;
				GCC_WARN_UNDECLARED_SELECTOR = YES;
				GCC_WARN_UNINITIALIZED_AUTOS = YES_AGGRESSIVE;
				GCC_WARN_UNUSED_FUNCTION = YES;
				GCC_WARN_UNUSED_VARIABLE = YES;
				IPHONEOS_DEPLOYMENT_TARGET = 12.1;
				MTL_ENABLE_DEBUG_INFO = INCLUDE_SOURCE;
				MTL_FAST_MATH = YES;
				ONLY_ACTIVE_ARCH = YES;
				SDKROOT = iphoneos;
				SWIFT_ACTIVE_COMPILATION_CONDITIONS = DEBUG;
				SWIFT_OPTIMIZATION_LEVEL = "-Onone";
			};
			name = Debug;
		};
		37E1EF05220D125D002A2A71 /* Release */ = {
			isa = XCBuildConfiguration;
			buildSettings = {
				ALWAYS_SEARCH_USER_PATHS = NO;
				CLANG_ANALYZER_NONNULL = YES;
				CLANG_ANALYZER_NUMBER_OBJECT_CONVERSION = YES_AGGRESSIVE;
				CLANG_CXX_LANGUAGE_STANDARD = "gnu++14";
				CLANG_CXX_LIBRARY = "libc++";
				CLANG_ENABLE_MODULES = YES;
				CLANG_ENABLE_OBJC_ARC = YES;
				CLANG_ENABLE_OBJC_WEAK = YES;
				CLANG_WARN_BLOCK_CAPTURE_AUTORELEASING = YES;
				CLANG_WARN_BOOL_CONVERSION = YES;
				CLANG_WARN_COMMA = YES;
				CLANG_WARN_CONSTANT_CONVERSION = YES;
				CLANG_WARN_DEPRECATED_OBJC_IMPLEMENTATIONS = YES;
				CLANG_WARN_DIRECT_OBJC_ISA_USAGE = YES_ERROR;
				CLANG_WARN_DOCUMENTATION_COMMENTS = YES;
				CLANG_WARN_EMPTY_BODY = YES;
				CLANG_WARN_ENUM_CONVERSION = YES;
				CLANG_WARN_INFINITE_RECURSION = YES;
				CLANG_WARN_INT_CONVERSION = YES;
				CLANG_WARN_NON_LITERAL_NULL_CONVERSION = YES;
				CLANG_WARN_OBJC_IMPLICIT_RETAIN_SELF = YES;
				CLANG_WARN_OBJC_LITERAL_CONVERSION = YES;
				CLANG_WARN_OBJC_ROOT_CLASS = YES_ERROR;
				CLANG_WARN_RANGE_LOOP_ANALYSIS = YES;
				CLANG_WARN_STRICT_PROTOTYPES = YES;
				CLANG_WARN_SUSPICIOUS_MOVE = YES;
				CLANG_WARN_UNGUARDED_AVAILABILITY = YES_AGGRESSIVE;
				CLANG_WARN_UNREACHABLE_CODE = YES;
				CLANG_WARN__DUPLICATE_METHOD_MATCH = YES;
				CODE_SIGN_IDENTITY = "iPhone Developer";
				COPY_PHASE_STRIP = NO;
				DEBUG_INFORMATION_FORMAT = "dwarf-with-dsym";
				ENABLE_NS_ASSERTIONS = NO;
				ENABLE_STRICT_OBJC_MSGSEND = YES;
				GCC_C_LANGUAGE_STANDARD = gnu11;
				GCC_NO_COMMON_BLOCKS = YES;
				GCC_WARN_64_TO_32_BIT_CONVERSION = YES;
				GCC_WARN_ABOUT_RETURN_TYPE = YES_ERROR;
				GCC_WARN_UNDECLARED_SELECTOR = YES;
				GCC_WARN_UNINITIALIZED_AUTOS = YES_AGGRESSIVE;
				GCC_WARN_UNUSED_FUNCTION = YES;
				GCC_WARN_UNUSED_VARIABLE = YES;
				IPHONEOS_DEPLOYMENT_TARGET = 12.1;
				MTL_ENABLE_DEBUG_INFO = NO;
				MTL_FAST_MATH = YES;
				SDKROOT = iphoneos;
				SWIFT_COMPILATION_MODE = wholemodule;
				SWIFT_OPTIMIZATION_LEVEL = "-O";
				VALIDATE_PRODUCT = YES;
			};
			name = Release;
		};
		37E1EF07220D125D002A2A71 /* Debug */ = {
			isa = XCBuildConfiguration;
			baseConfigurationReference = B307E0DB095F0184B96AB0B8 /* Pods-ios2019.debug.xcconfig */;
			buildSettings = {
				ASSETCATALOG_COMPILER_APPICON_NAME = AppIcon;
				CODE_SIGN_STYLE = Automatic;
				DEVELOPMENT_TEAM = YVZ3FLFS5M;
				INFOPLIST_FILE = ios2019/Info.plist;
				LD_RUNPATH_SEARCH_PATHS = (
					"$(inherited)",
					"@executable_path/Frameworks",
				);
				PRODUCT_BUNDLE_IDENTIFIER = com.ivanibarra..ios2019;
				PRODUCT_NAME = "$(TARGET_NAME)";
				SWIFT_VERSION = 4.2;
				TARGETED_DEVICE_FAMILY = "1,2";
			};
			name = Debug;
		};
		37E1EF08220D125D002A2A71 /* Release */ = {
			isa = XCBuildConfiguration;
			baseConfigurationReference = 8F55D356754A2684A328C8AA /* Pods-ios2019.release.xcconfig */;
			buildSettings = {
				ASSETCATALOG_COMPILER_APPICON_NAME = AppIcon;
				CODE_SIGN_STYLE = Automatic;
				DEVELOPMENT_TEAM = YVZ3FLFS5M;
				INFOPLIST_FILE = ios2019/Info.plist;
				LD_RUNPATH_SEARCH_PATHS = (
					"$(inherited)",
					"@executable_path/Frameworks",
				);
				PRODUCT_BUNDLE_IDENTIFIER = com.ivanibarra..ios2019;
				PRODUCT_NAME = "$(TARGET_NAME)";
				SWIFT_VERSION = 4.2;
				TARGETED_DEVICE_FAMILY = "1,2";
			};
			name = Release;
		};
		37E1EF0A220D125D002A2A71 /* Debug */ = {
			isa = XCBuildConfiguration;
			baseConfigurationReference = AA33660370095EA1E0C2EB67 /* Pods-ios2019Tests.debug.xcconfig */;
			buildSettings = {
				ALWAYS_EMBED_SWIFT_STANDARD_LIBRARIES = YES;
				BUNDLE_LOADER = "$(TEST_HOST)";
				CODE_SIGN_STYLE = Automatic;
				INFOPLIST_FILE = ios2019Tests/Info.plist;
				LD_RUNPATH_SEARCH_PATHS = (
					"$(inherited)",
					"@executable_path/Frameworks",
					"@loader_path/Frameworks",
				);
				PRODUCT_BUNDLE_IDENTIFIER = com.ivanibarra..ios2019Tests;
				PRODUCT_NAME = "$(TARGET_NAME)";
				SWIFT_VERSION = 4.2;
				TARGETED_DEVICE_FAMILY = "1,2";
				TEST_HOST = "$(BUILT_PRODUCTS_DIR)/ios2019.app/ios2019";
			};
			name = Debug;
		};
		37E1EF0B220D125D002A2A71 /* Release */ = {
			isa = XCBuildConfiguration;
			baseConfigurationReference = C3E0A7D0DBDC686F278C0FFD /* Pods-ios2019Tests.release.xcconfig */;
			buildSettings = {
				ALWAYS_EMBED_SWIFT_STANDARD_LIBRARIES = YES;
				BUNDLE_LOADER = "$(TEST_HOST)";
				CODE_SIGN_STYLE = Automatic;
				INFOPLIST_FILE = ios2019Tests/Info.plist;
				LD_RUNPATH_SEARCH_PATHS = (
					"$(inherited)",
					"@executable_path/Frameworks",
					"@loader_path/Frameworks",
				);
				PRODUCT_BUNDLE_IDENTIFIER = com.ivanibarra..ios2019Tests;
				PRODUCT_NAME = "$(TARGET_NAME)";
				SWIFT_VERSION = 4.2;
				TARGETED_DEVICE_FAMILY = "1,2";
				TEST_HOST = "$(BUILT_PRODUCTS_DIR)/ios2019.app/ios2019";
			};
			name = Release;
		};
		37E1EF0D220D125D002A2A71 /* Debug */ = {
			isa = XCBuildConfiguration;
			baseConfigurationReference = A3C63AAB71CE568EE993DEE0 /* Pods-ios2019UITests.debug.xcconfig */;
			buildSettings = {
				ALWAYS_EMBED_SWIFT_STANDARD_LIBRARIES = YES;
				CODE_SIGN_STYLE = Automatic;
				INFOPLIST_FILE = ios2019UITests/Info.plist;
				LD_RUNPATH_SEARCH_PATHS = (
					"$(inherited)",
					"@executable_path/Frameworks",
					"@loader_path/Frameworks",
				);
				PRODUCT_BUNDLE_IDENTIFIER = com.ivanibarra..ios2019UITests;
				PRODUCT_NAME = "$(TARGET_NAME)";
				SWIFT_VERSION = 4.2;
				TARGETED_DEVICE_FAMILY = "1,2";
				TEST_TARGET_NAME = ios2019;
			};
			name = Debug;
		};
		37E1EF0E220D125D002A2A71 /* Release */ = {
			isa = XCBuildConfiguration;
			baseConfigurationReference = 6F89A21798BA4FDFBB47AC4E /* Pods-ios2019UITests.release.xcconfig */;
			buildSettings = {
				ALWAYS_EMBED_SWIFT_STANDARD_LIBRARIES = YES;
				CODE_SIGN_STYLE = Automatic;
				INFOPLIST_FILE = ios2019UITests/Info.plist;
				LD_RUNPATH_SEARCH_PATHS = (
					"$(inherited)",
					"@executable_path/Frameworks",
					"@loader_path/Frameworks",
				);
				PRODUCT_BUNDLE_IDENTIFIER = com.ivanibarra..ios2019UITests;
				PRODUCT_NAME = "$(TARGET_NAME)";
				SWIFT_VERSION = 4.2;
				TARGETED_DEVICE_FAMILY = "1,2";
				TEST_TARGET_NAME = ios2019;
			};
			name = Release;
		};
/* End XCBuildConfiguration section */

/* Begin XCConfigurationList section */
		37E1EED9220D125C002A2A71 /* Build configuration list for PBXProject "ios2019" */ = {
			isa = XCConfigurationList;
			buildConfigurations = (
				37E1EF04220D125D002A2A71 /* Debug */,
				37E1EF05220D125D002A2A71 /* Release */,
			);
			defaultConfigurationIsVisible = 0;
			defaultConfigurationName = Release;
		};
		37E1EF06220D125D002A2A71 /* Build configuration list for PBXNativeTarget "ios2019" */ = {
			isa = XCConfigurationList;
			buildConfigurations = (
				37E1EF07220D125D002A2A71 /* Debug */,
				37E1EF08220D125D002A2A71 /* Release */,
			);
			defaultConfigurationIsVisible = 0;
			defaultConfigurationName = Release;
		};
		37E1EF09220D125D002A2A71 /* Build configuration list for PBXNativeTarget "ios2019Tests" */ = {
			isa = XCConfigurationList;
			buildConfigurations = (
				37E1EF0A220D125D002A2A71 /* Debug */,
				37E1EF0B220D125D002A2A71 /* Release */,
			);
			defaultConfigurationIsVisible = 0;
			defaultConfigurationName = Release;
		};
		37E1EF0C220D125D002A2A71 /* Build configuration list for PBXNativeTarget "ios2019UITests" */ = {
			isa = XCConfigurationList;
			buildConfigurations = (
				37E1EF0D220D125D002A2A71 /* Debug */,
				37E1EF0E220D125D002A2A71 /* Release */,
			);
			defaultConfigurationIsVisible = 0;
			defaultConfigurationName = Release;
		};
/* End XCConfigurationList section */
	};
	rootObject = 37E1EED6220D125C002A2A71 /* Project object */;
}
